
Microsoft Visual Studio Solution File, Format Version 12.00
# Visual Studio Version 17
VisualStudioVersion = 17.13.35931.197 d17.13
MinimumVisualStudioVersion = 10.0.40219.1
Project("{FAE04EC0-301F-11D3-BF4B-00C04F79EFBC}") = "Malyshev_Сourse_Project_OOP", "Malyshev_Сourse_Project_OOP.csproj", "{B33FE0A4-EE6B-41D6-AF9A-60E3DC5F0116}"
EndProject
Global
	GlobalSection(SolutionConfigurationPlatforms) = preSolution
		Debug|Any CPU = Debug|Any CPU
		Release|Any CPU = Release|Any CPU
	EndGlobalSection
	GlobalSection(ProjectConfigurationPlatforms) = postSolution
		{B33FE0A4-EE6B-41D6-AF9A-60E3DC5F0116}.Debug|Any CPU.ActiveCfg = Debug|Any CPU
		{B33FE0A4-EE6B-41D6-AF9A-60E3DC5F0116}.Debug|Any CPU.Build.0 = Debug|Any CPU
		{B33FE0A4-EE6B-41D6-AF9A-60E3DC5F0116}.Release|Any CPU.ActiveCfg = Release|Any CPU
		{B33FE0A4-EE6B-41D6-AF9A-60E3DC5F0116}.Release|Any CPU.Build.0 = Release|Any CPU
	EndGlobalSection
	GlobalSection(SolutionProperties) = preSolution
		HideSolutionNode = FALSE
	EndGlobalSection
	GlobalSection(ExtensibilityGlobals) = postSolution
		SolutionGuid = {1D911F83-5FD2-4000-BDB6-E29218269A40}
	EndGlobalSection
EndGlobal
